
Microsoft Visual Studio Solution File, Format Version 12.00
# Visual Studio Version 17
VisualStudioVersion = 17.10.35013.160
MinimumVisualStudioVersion = 10.0.40219.1
Project("{FAE04EC0-301F-11D3-BF4B-00C04F79EFBC}") = "Al-Nada Manager", "Al-Nada Manager.csproj", "{F902C937-F94F-4C64-B06C-BC53884DF648}"
EndProject
Global
	GlobalSection(SolutionConfigurationPlatforms) = preSolution
		Debug|Any CPU = Debug|Any CPU
		Release|Any CPU = Release|Any CPU
	EndGlobalSection
	GlobalSection(ProjectConfigurationPlatforms) = postSolution
		{F902C937-F94F-4C64-B06C-BC53884DF648}.Debug|Any CPU.ActiveCfg = Debug|Any CPU
		{F902C937-F94F-4C64-B06C-BC53884DF648}.Debug|Any CPU.Build.0 = Debug|Any CPU
		{F902C937-F94F-4C64-B06C-BC53884DF648}.Release|Any CPU.ActiveCfg = Release|Any CPU
		{F902C937-F94F-4C64-B06C-BC53884DF648}.Release|Any CPU.Build.0 = Release|Any CPU
	EndGlobalSection
	GlobalSection(SolutionProperties) = preSolution
		HideSolutionNode = FALSE
	EndGlobalSection
	GlobalSection(ExtensibilityGlobals) = postSolution
		SolutionGuid = {9887679F-952F-48A8-B2D6-8F8ACBA8CB19}
	EndGlobalSection
EndGlobal
